// !$*UTF8*$!
{
	archiveVersion = 1;
	classes = {
	};
	objectVersion = 46;
	objects = {

/* Begin PBXBuildFile section */
		90963A091D58D01A00503249 /* ArtistQuery.swift in Sources */ = {isa = PBXBuildFile; fileRef = 90963A081D58D01A00503249 /* ArtistQuery.swift */; };
		90963A0B1D58D19E00503249 /* ArtistViewController.swift in Sources */ = {isa = PBXBuildFile; fileRef = 90963A0A1D58D19E00503249 /* ArtistViewController.swift */; };
		90B67E691D4C9A9E0024CF35 /* AppDelegate.swift in Sources */ = {isa = PBXBuildFile; fileRef = 90B67E681D4C9A9E0024CF35 /* AppDelegate.swift */; };
		90B67E6B1D4C9A9E0024CF35 /* PlaylistViewController.swift in Sources */ = {isa = PBXBuildFile; fileRef = 90B67E6A1D4C9A9E0024CF35 /* PlaylistViewController.swift */; };
		90B67E6E1D4C9A9E0024CF35 /* Main.storyboard in Resources */ = {isa = PBXBuildFile; fileRef = 90B67E6C1D4C9A9E0024CF35 /* Main.storyboard */; };
		90B67E701D4C9A9E0024CF35 /* Assets.xcassets in Resources */ = {isa = PBXBuildFile; fileRef = 90B67E6F1D4C9A9E0024CF35 /* Assets.xcassets */; };
		90B67E731D4C9A9E0024CF35 /* LaunchScreen.storyboard in Resources */ = {isa = PBXBuildFile; fileRef = 90B67E711D4C9A9E0024CF35 /* LaunchScreen.storyboard */; };
		90B67E7E1D4C9A9E0024CF35 /* MusicTestTests.swift in Sources */ = {isa = PBXBuildFile; fileRef = 90B67E7D1D4C9A9E0024CF35 /* MusicTestTests.swift */; };
		90B67E891D4C9A9E0024CF35 /* MusicTestUITests.swift in Sources */ = {isa = PBXBuildFile; fileRef = 90B67E881D4C9A9E0024CF35 /* MusicTestUITests.swift */; };
		90B67F0F1D4CA4230024CF35 /* PlaylistQuery.swift in Sources */ = {isa = PBXBuildFile; fileRef = 90B67F0E1D4CA4230024CF35 /* PlaylistQuery.swift */; };
		90EA20A51D700820008FD342 /* AlbumQuery.swift in Sources */ = {isa = PBXBuildFile; fileRef = 90EA20A41D700820008FD342 /* AlbumQuery.swift */; };
		90EA20A71D700938008FD342 /* AlbumViewController.swift in Sources */ = {isa = PBXBuildFile; fileRef = 90EA20A61D700938008FD342 /* AlbumViewController.swift */; };
		90EA20A91D701222008FD342 /* SongQuery.swift in Sources */ = {isa = PBXBuildFile; fileRef = 90EA20A81D701222008FD342 /* SongQuery.swift */; };
/* End PBXBuildFile section */

/* Begin PBXContainerItemProxy section */
		90B67E7A1D4C9A9E0024CF35 /* PBXContainerItemProxy */ = {
			isa = PBXContainerItemProxy;
			containerPortal = 90B67E5D1D4C9A9E0024CF35 /* Project object */;
			proxyType = 1;
			remoteGlobalIDString = 90B67E641D4C9A9E0024CF35;
			remoteInfo = MusicTest;
		};
		90B67E851D4C9A9E0024CF35 /* PBXContainerItemProxy */ = {
			isa = PBXContainerItemProxy;
			containerPortal = 90B67E5D1D4C9A9E0024CF35 /* Project object */;
			proxyType = 1;
			remoteGlobalIDString = 90B67E641D4C9A9E0024CF35;
			remoteInfo = MusicTest;
		};
/* End PBXContainerItemProxy section */

/* Begin PBXFileReference section */
		90963A081D58D01A00503249 /* ArtistQuery.swift */ = {isa = PBXFileReference; fileEncoding = 4; lastKnownFileType = sourcecode.swift; path = ArtistQuery.swift; sourceTree = "<group>"; };
		90963A0A1D58D19E00503249 /* ArtistViewController.swift */ = {isa = PBXFileReference; fileEncoding = 4; lastKnownFileType = sourcecode.swift; path = ArtistViewController.swift; sourceTree = "<group>"; };
		90B67E651D4C9A9E0024CF35 /* MusicTest.app */ = {isa = PBXFileReference; explicitFileType = wrapper.application; includeInIndex = 0; path = MusicTest.app; sourceTree = BUILT_PRODUCTS_DIR; };
		90B67E681D4C9A9E0024CF35 /* AppDelegate.swift */ = {isa = PBXFileReference; lastKnownFileType = sourcecode.swift; path = AppDelegate.swift; sourceTree = "<group>"; };
		90B67E6A1D4C9A9E0024CF35 /* PlaylistViewController.swift */ = {isa = PBXFileReference; lastKnownFileType = sourcecode.swift; path = PlaylistViewController.swift; sourceTree = "<group>"; };
		90B67E6D1D4C9A9E0024CF35 /* Base */ = {isa = PBXFileReference; lastKnownFileType = file.storyboard; name = Base; path = Base.lproj/Main.storyboard; sourceTree = "<group>"; };
		90B67E6F1D4C9A9E0024CF35 /* Assets.xcassets */ = {isa = PBXFileReference; lastKnownFileType = folder.assetcatalog; path = Assets.xcassets; sourceTree = "<group>"; };
		90B67E721D4C9A9E0024CF35 /* Base */ = {isa = PBXFileReference; lastKnownFileType = file.storyboard; name = Base; path = Base.lproj/LaunchScreen.storyboard; sourceTree = "<group>"; };
		90B67E741D4C9A9E0024CF35 /* Info.plist */ = {isa = PBXFileReference; lastKnownFileType = text.plist.xml; path = Info.plist; sourceTree = "<group>"; };
		90B67E791D4C9A9E0024CF35 /* MusicTestTests.xctest */ = {isa = PBXFileReference; explicitFileType = wrapper.cfbundle; includeInIndex = 0; path = MusicTestTests.xctest; sourceTree = BUILT_PRODUCTS_DIR; };
		90B67E7D1D4C9A9E0024CF35 /* MusicTestTests.swift */ = {isa = PBXFileReference; lastKnownFileType = sourcecode.swift; path = MusicTestTests.swift; sourceTree = "<group>"; };
		90B67E7F1D4C9A9E0024CF35 /* Info.plist */ = {isa = PBXFileReference; lastKnownFileType = text.plist.xml; path = Info.plist; sourceTree = "<group>"; };
		90B67E841D4C9A9E0024CF35 /* MusicTestUITests.xctest */ = {isa = PBXFileReference; explicitFileType = wrapper.cfbundle; includeInIndex = 0; path = MusicTestUITests.xctest; sourceTree = BUILT_PRODUCTS_DIR; };
		90B67E881D4C9A9E0024CF35 /* MusicTestUITests.swift */ = {isa = PBXFileReference; lastKnownFileType = sourcecode.swift; path = MusicTestUITests.swift; sourceTree = "<group>"; };
		90B67E8A1D4C9A9E0024CF35 /* Info.plist */ = {isa = PBXFileReference; lastKnownFileType = text.plist.xml; path = Info.plist; sourceTree = "<group>"; };
		90B67F0E1D4CA4230024CF35 /* PlaylistQuery.swift */ = {isa = PBXFileReference; fileEncoding = 4; lastKnownFileType = sourcecode.swift; path = PlaylistQuery.swift; sourceTree = "<group>"; };
		90EA20A41D700820008FD342 /* AlbumQuery.swift */ = {isa = PBXFileReference; fileEncoding = 4; lastKnownFileType = sourcecode.swift; path = AlbumQuery.swift; sourceTree = "<group>"; };
		90EA20A61D700938008FD342 /* AlbumViewController.swift */ = {isa = PBXFileReference; fileEncoding = 4; lastKnownFileType = sourcecode.swift; path = AlbumViewController.swift; sourceTree = "<group>"; };
		90EA20A81D701222008FD342 /* SongQuery.swift */ = {isa = PBXFileReference; fileEncoding = 4; lastKnownFileType = sourcecode.swift; path = SongQuery.swift; sourceTree = "<group>"; };
/* End PBXFileReference section */

/* Begin PBXFrameworksBuildPhase section */
		90B67E621D4C9A9E0024CF35 /* Frameworks */ = {
			isa = PBXFrameworksBuildPhase;
			buildActionMask = 2147483647;
			files = (
			);
			runOnlyForDeploymentPostprocessing = 0;
		};
		90B67E761D4C9A9E0024CF35 /* Frameworks */ = {
			isa = PBXFrameworksBuildPhase;
			buildActionMask = 2147483647;
			files = (
			);
			runOnlyForDeploymentPostprocessing = 0;
		};
		90B67E811D4C9A9E0024CF35 /* Frameworks */ = {
			isa = PBXFrameworksBuildPhase;
			buildActionMask = 2147483647;
			files = (
			);
			runOnlyForDeploymentPostprocessing = 0;
		};
/* End PBXFrameworksBuildPhase section */

/* Begin PBXGroup section */
		90B67E5C1D4C9A9E0024CF35 = {
			isa = PBXGroup;
			children = (
				90B67E671D4C9A9E0024CF35 /* MusicTest */,
				90B67E7C1D4C9A9E0024CF35 /* MusicTestTests */,
				90B67E871D4C9A9E0024CF35 /* MusicTestUITests */,
				90B67E661D4C9A9E0024CF35 /* Products */,
			);
			sourceTree = "<group>";
		};
		90B67E661D4C9A9E0024CF35 /* Products */ = {
			isa = PBXGroup;
			children = (
				90B67E651D4C9A9E0024CF35 /* MusicTest.app */,
				90B67E791D4C9A9E0024CF35 /* MusicTestTests.xctest */,
				90B67E841D4C9A9E0024CF35 /* MusicTestUITests.xctest */,
			);
			name = Products;
			sourceTree = "<group>";
		};
		90B67E671D4C9A9E0024CF35 /* MusicTest */ = {
			isa = PBXGroup;
			children = (
				90B67E681D4C9A9E0024CF35 /* AppDelegate.swift */,
				90B67E6A1D4C9A9E0024CF35 /* PlaylistViewController.swift */,
				90B67F0E1D4CA4230024CF35 /* PlaylistQuery.swift */,
				90963A081D58D01A00503249 /* ArtistQuery.swift */,
				90963A0A1D58D19E00503249 /* ArtistViewController.swift */,
				90EA20A41D700820008FD342 /* AlbumQuery.swift */,
				90EA20A61D700938008FD342 /* AlbumViewController.swift */,
				90EA20A81D701222008FD342 /* SongQuery.swift */,
				90B67E6C1D4C9A9E0024CF35 /* Main.storyboard */,
				90B67E6F1D4C9A9E0024CF35 /* Assets.xcassets */,
				90B67E711D4C9A9E0024CF35 /* LaunchScreen.storyboard */,
				90B67E741D4C9A9E0024CF35 /* Info.plist */,
			);
			path = MusicTest;
			sourceTree = "<group>";
		};
		90B67E7C1D4C9A9E0024CF35 /* MusicTestTests */ = {
			isa = PBXGroup;
			children = (
				90B67E7D1D4C9A9E0024CF35 /* MusicTestTests.swift */,
				90B67E7F1D4C9A9E0024CF35 /* Info.plist */,
			);
			path = MusicTestTests;
			sourceTree = "<group>";
		};
		90B67E871D4C9A9E0024CF35 /* MusicTestUITests */ = {
			isa = PBXGroup;
			children = (
				90B67E881D4C9A9E0024CF35 /* MusicTestUITests.swift */,
				90B67E8A1D4C9A9E0024CF35 /* Info.plist */,
			);
			path = MusicTestUITests;
			sourceTree = "<group>";
		};
/* End PBXGroup section */

/* Begin PBXNativeTarget section */
		90B67E641D4C9A9E0024CF35 /* MusicTest */ = {
			isa = PBXNativeTarget;
			buildConfigurationList = 90B67E8D1D4C9A9E0024CF35 /* Build configuration list for PBXNativeTarget "MusicTest" */;
			buildPhases = (
				90B67E611D4C9A9E0024CF35 /* Sources */,
				90B67E621D4C9A9E0024CF35 /* Frameworks */,
				90B67E631D4C9A9E0024CF35 /* Resources */,
			);
			buildRules = (
			);
			dependencies = (
			);
			name = MusicTest;
			productName = MusicTest;
			productReference = 90B67E651D4C9A9E0024CF35 /* MusicTest.app */;
			productType = "com.apple.product-type.application";
		};
		90B67E781D4C9A9E0024CF35 /* MusicTestTests */ = {
			isa = PBXNativeTarget;
			buildConfigurationList = 90B67E901D4C9A9E0024CF35 /* Build configuration list for PBXNativeTarget "MusicTestTests" */;
			buildPhases = (
				90B67E751D4C9A9E0024CF35 /* Sources */,
				90B67E761D4C9A9E0024CF35 /* Frameworks */,
				90B67E771D4C9A9E0024CF35 /* Resources */,
			);
			buildRules = (
			);
			dependencies = (
				90B67E7B1D4C9A9E0024CF35 /* PBXTargetDependency */,
			);
			name = MusicTestTests;
			productName = MusicTestTests;
			productReference = 90B67E791D4C9A9E0024CF35 /* MusicTestTests.xctest */;
			productType = "com.apple.product-type.bundle.unit-test";
		};
		90B67E831D4C9A9E0024CF35 /* MusicTestUITests */ = {
			isa = PBXNativeTarget;
			buildConfigurationList = 90B67E931D4C9A9E0024CF35 /* Build configuration list for PBXNativeTarget "MusicTestUITests" */;
			buildPhases = (
				90B67E801D4C9A9E0024CF35 /* Sources */,
				90B67E811D4C9A9E0024CF35 /* Frameworks */,
				90B67E821D4C9A9E0024CF35 /* Resources */,
			);
			buildRules = (
			);
			dependencies = (
				90B67E861D4C9A9E0024CF35 /* PBXTargetDependency */,
			);
			name = MusicTestUITests;
			productName = MusicTestUITests;
			productReference = 90B67E841D4C9A9E0024CF35 /* MusicTestUITests.xctest */;
			productType = "com.apple.product-type.bundle.ui-testing";
		};
/* End PBXNativeTarget section */

/* Begin PBXProject section */
		90B67E5D1D4C9A9E0024CF35 /* Project object */ = {
			isa = PBXProject;
			attributes = {
				LastSwiftUpdateCheck = 0730;
				LastUpgradeCheck = 0730;
				ORGANIZATIONNAME = "Hyunjin Kim";
				TargetAttributes = {
					90B67E641D4C9A9E0024CF35 = {
						CreatedOnToolsVersion = 7.3;
						DevelopmentTeam = 2J5E4JD384;
					};
					90B67E781D4C9A9E0024CF35 = {
						CreatedOnToolsVersion = 7.3;
						TestTargetID = 90B67E641D4C9A9E0024CF35;
					};
					90B67E831D4C9A9E0024CF35 = {
						CreatedOnToolsVersion = 7.3;
						TestTargetID = 90B67E641D4C9A9E0024CF35;
					};
				};
			};
			buildConfigurationList = 90B67E601D4C9A9E0024CF35 /* Build configuration list for PBXProject "MusicTest" */;
			compatibilityVersion = "Xcode 3.2";
			developmentRegion = English;
			hasScannedForEncodings = 0;
			knownRegions = (
				en,
				Base,
			);
			mainGroup = 90B67E5C1D4C9A9E0024CF35;
			productRefGroup = 90B67E661D4C9A9E0024CF35 /* Products */;
			projectDirPath = "";
			projectRoot = "";
			targets = (
				90B67E641D4C9A9E0024CF35 /* MusicTest */,
				90B67E781D4C9A9E0024CF35 /* MusicTestTests */,
				90B67E831D4C9A9E0024CF35 /* MusicTestUITests */,
			);
		};
/* End PBXProject section */

/* Begin PBXResourcesBuildPhase section */
		90B67E631D4C9A9E0024CF35 /* Resources */ = {
			isa = PBXResourcesBuildPhase;
			buildActionMask = 2147483647;
			files = (
				90B67E731D4C9A9E0024CF35 /* LaunchScreen.storyboard in Resources */,
				90B67E701D4C9A9E0024CF35 /* Assets.xcassets in Resources */,
				90B67E6E1D4C9A9E0024CF35 /* Main.storyboard in Resources */,
			);
			runOnlyForDeploymentPostprocessing = 0;
		};
		90B67E771D4C9A9E0024CF35 /* Resources */ = {
			isa = PBXResourcesBuildPhase;
			buildActionMask = 2147483647;
			files = (
			);
			runOnlyForDeploymentPostprocessing = 0;
		};
		90B67E821D4C9A9E0024CF35 /* Resources */ = {
			isa = PBXResourcesBuildPhase;
			buildActionMask = 2147483647;
			files = (
			);
			runOnlyForDeploymentPostprocessing = 0;
		};
/* End PBXResourcesBuildPhase section */

/* Begin PBXSourcesBuildPhase section */
		90B67E611D4C9A9E0024CF35 /* Sources */ = {
			isa = PBXSourcesBuildPhase;
			buildActionMask = 2147483647;
			files = (
				90EA20A51D700820008FD342 /* AlbumQuery.swift in Sources */,
				90B67E6B1D4C9A9E0024CF35 /* PlaylistViewController.swift in Sources */,
				90963A091D58D01A00503249 /* ArtistQuery.swift in Sources */,
				90B67E691D4C9A9E0024CF35 /* AppDelegate.swift in Sources */,
				90B67F0F1D4CA4230024CF35 /* PlaylistQuery.swift in Sources */,
				90963A0B1D58D19E00503249 /* ArtistViewController.swift in Sources */,
				90EA20A71D700938008FD342 /* AlbumViewController.swift in Sources */,
				90EA20A91D701222008FD342 /* SongQuery.swift in Sources */,
			);
			runOnlyForDeploymentPostprocessing = 0;
		};
		90B67E751D4C9A9E0024CF35 /* Sources */ = {
			isa = PBXSourcesBuildPhase;
			buildActionMask = 2147483647;
			files = (
				90B67E7E1D4C9A9E0024CF35 /* MusicTestTests.swift in Sources */,
			);
			runOnlyForDeploymentPostprocessing = 0;
		};
		90B67E801D4C9A9E0024CF35 /* Sources */ = {
			isa = PBXSourcesBuildPhase;
			buildActionMask = 2147483647;
			files = (
				90B67E891D4C9A9E0024CF35 /* MusicTestUITests.swift in Sources */,
			);
			runOnlyForDeploymentPostprocessing = 0;
		};
/* End PBXSourcesBuildPhase section */

/* Begin PBXTargetDependency section */
		90B67E7B1D4C9A9E0024CF35 /* PBXTargetDependency */ = {
			isa = PBXTargetDependency;
			target = 90B67E641D4C9A9E0024CF35 /* MusicTest */;
			targetProxy = 90B67E7A1D4C9A9E0024CF35 /* PBXContainerItemProxy */;
		};
		90B67E861D4C9A9E0024CF35 /* PBXTargetDependency */ = {
			isa = PBXTargetDependency;
			target = 90B67E641D4C9A9E0024CF35 /* MusicTest */;
			targetProxy = 90B67E851D4C9A9E0024CF35 /* PBXContainerItemProxy */;
		};
/* End PBXTargetDependency section */

/* Begin PBXVariantGroup section */
		90B67E6C1D4C9A9E0024CF35 /* Main.storyboard */ = {
			isa = PBXVariantGroup;
			children = (
				90B67E6D1D4C9A9E0024CF35 /* Base */,
			);
			name = Main.storyboard;
			sourceTree = "<group>";
		};
		90B67E711D4C9A9E0024CF35 /* LaunchScreen.storyboard */ = {
			isa = PBXVariantGroup;
			children = (
				90B67E721D4C9A9E0024CF35 /* Base */,
			);
			name = LaunchScreen.storyboard;
			sourceTree = "<group>";
		};
/* End PBXVariantGroup section */

/* Begin XCBuildConfiguration section */
		90B67E8B1D4C9A9E0024CF35 /* Debug */ = {
			isa = XCBuildConfiguration;
			buildSettings = {
				ALWAYS_SEARCH_USER_PATHS = NO;
				CLANG_ANALYZER_NONNULL = YES;
				CLANG_CXX_LANGUAGE_STANDARD = "gnu++0x";
				CLANG_CXX_LIBRARY = "libc++";
				CLANG_ENABLE_MODULES = YES;
				CLANG_ENABLE_OBJC_ARC = YES;
				CLANG_WARN_BOOL_CONVERSION = YES;
				CLANG_WARN_CONSTANT_CONVERSION = YES;
				CLANG_WARN_DIRECT_OBJC_ISA_USAGE = YES_ERROR;
				CLANG_WARN_EMPTY_BODY = YES;
				CLANG_WARN_ENUM_CONVERSION = YES;
				CLANG_WARN_INT_CONVERSION = YES;
				CLANG_WARN_OBJC_ROOT_CLASS = YES_ERROR;
				CLANG_WARN_UNREACHABLE_CODE = YES;
				CLANG_WARN__DUPLICATE_METHOD_MATCH = YES;
				"CODE_SIGN_IDENTITY[sdk=iphoneos*]" = "iPhone Developer";
				COPY_PHASE_STRIP = NO;
				DEBUG_INFORMATION_FORMAT = dwarf;
				ENABLE_STRICT_OBJC_MSGSEND = YES;
				ENABLE_TESTABILITY = YES;
				GCC_C_LANGUAGE_STANDARD = gnu99;
				GCC_DYNAMIC_NO_PIC = NO;
				GCC_NO_COMMON_BLOCKS = YES;
				GCC_OPTIMIZATION_LEVEL = 0;
				GCC_PREPROCESSOR_DEFINITIONS = (
					"DEBUG=1",
					"$(inherited)",
				);
				GCC_WARN_64_TO_32_BIT_CONVERSION = YES;
				GCC_WARN_ABOUT_RETURN_TYPE = YES_ERROR;
				GCC_WARN_UNDECLARED_SELECTOR = YES;
				GCC_WARN_UNINITIALIZED_AUTOS = YES_AGGRESSIVE;
				GCC_WARN_UNUSED_FUNCTION = YES;
				GCC_WARN_UNUSED_VARIABLE = YES;
				IPHONEOS_DEPLOYMENT_TARGET = 9.3;
				MTL_ENABLE_DEBUG_INFO = YES;
				ONLY_ACTIVE_ARCH = YES;
				SDKROOT = iphoneos;
				SWIFT_OPTIMIZATION_LEVEL = "-Onone";
				TARGETED_DEVICE_FAMILY = "1,2";
			};
			name = Debug;
		};
		90B67E8C1D4C9A9E0024CF35 /* Release */ = {
			isa = XCBuildConfiguration;
			buildSettings = {
				ALWAYS_SEARCH_USER_PATHS = NO;
				CLANG_ANALYZER_NONNULL = YES;
				CLANG_CXX_LANGUAGE_STANDARD = "gnu++0x";
				CLANG_CXX_LIBRARY = "libc++";
				CLANG_ENABLE_MODULES = YES;
				CLANG_ENABLE_OBJC_ARC = YES;
				CLANG_WARN_BOOL_CONVERSION = YES;
				CLANG_WARN_CONSTANT_CONVERSION = YES;
				CLANG_WARN_DIRECT_OBJC_ISA_USAGE = YES_ERROR;
				CLANG_WARN_EMPTY_BODY = YES;
				CLANG_WARN_ENUM_CONVERSION = YES;
				CLANG_WARN_INT_CONVERSION = YES;
				CLANG_WARN_OBJC_ROOT_CLASS = YES_ERROR;
				CLANG_WARN_UNREACHABLE_CODE = YES;
				CLANG_WARN__DUPLICATE_METHOD_MATCH = YES;
				"CODE_SIGN_IDENTITY[sdk=iphoneos*]" = "iPhone Developer";
				COPY_PHASE_STRIP = NO;
				DEBUG_INFORMATION_FORMAT = "dwarf-with-dsym";
				ENABLE_NS_ASSERTIONS = NO;
				ENABLE_STRICT_OBJC_MSGSEND = YES;
				GCC_C_LANGUAGE_STANDARD = gnu99;
				GCC_NO_COMMON_BLOCKS = YES;
				GCC_WARN_64_TO_32_BIT_CONVERSION = YES;
				GCC_WARN_ABOUT_RETURN_TYPE = YES_ERROR;
				GCC_WARN_UNDECLARED_SELECTOR = YES;
				GCC_WARN_UNINITIALIZED_AUTOS = YES_AGGRESSIVE;
				GCC_WARN_UNUSED_FUNCTION = YES;
				GCC_WARN_UNUSED_VARIABLE = YES;
				IPHONEOS_DEPLOYMENT_TARGET = 9.3;
				MTL_ENABLE_DEBUG_INFO = NO;
				SDKROOT = iphoneos;
				TARGETED_DEVICE_FAMILY = "1,2";
				VALIDATE_PRODUCT = YES;
			};
			name = Release;
		};
		90B67E8E1D4C9A9E0024CF35 /* Debug */ = {
			isa = XCBuildConfiguration;
			buildSettings = {
				ASSETCATALOG_COMPILER_APPICON_NAME = AppIcon;
				CODE_SIGN_IDENTITY = "iPhone Developer";
				"CODE_SIGN_IDENTITY[sdk=iphoneos*]" = "iPhone Developer";
				INFOPLIST_FILE = MusicTest/Info.plist;
				LD_RUNPATH_SEARCH_PATHS = "$(inherited) @executable_path/Frameworks";
				PRODUCT_BUNDLE_IDENTIFIER = com.genchin.MusicTest;
				PRODUCT_NAME = "$(TARGET_NAME)";
				PROVISIONING_PROFILE = "";
			};
			name = Debug;
		};
		90B67E8F1D4C9A9E0024CF35 /* Release */ = {
			isa = XCBuildConfiguration;
			buildSettings = {
				ASSETCATALOG_COMPILER_APPICON_NAME = AppIcon;
				CODE_SIGN_IDENTITY = "iPhone Developer";
				"CODE_SIGN_IDENTITY[sdk=iphoneos*]" = "iPhone Developer";
				INFOPLIST_FILE = MusicTest/Info.plist;
				LD_RUNPATH_SEARCH_PATHS = "$(inherited) @executable_path/Frameworks";
				PRODUCT_BUNDLE_IDENTIFIER = com.genchin.MusicTest;
				PRODUCT_NAME = "$(TARGET_NAME)";
				PROVISIONING_PROFILE = "";
			};
			name = Release;
		};
		90B67E911D4C9A9E0024CF35 /* Debug */ = {
			isa = XCBuildConfiguration;
			buildSettings = {
				BUNDLE_LOADER = "$(TEST_HOST)";
				INFOPLIST_FILE = MusicTestTests/Info.plist;
				LD_RUNPATH_SEARCH_PATHS = "$(inherited) @executable_path/Frameworks @loader_path/Frameworks";
				PRODUCT_BUNDLE_IDENTIFIER = com.genchin.MusicTestTests;
				PRODUCT_NAME = "$(TARGET_NAME)";
				TEST_HOST = "$(BUILT_PRODUCTS_DIR)/MusicTest.app/MusicTest";
			};
			name = Debug;
		};
		90B67E921D4C9A9E0024CF35 /* Release */ = {
			isa = XCBuildConfiguration;
			buildSettings = {
				BUNDLE_LOADER = "$(TEST_HOST)";
				INFOPLIST_FILE = MusicTestTests/Info.plist;
				LD_RUNPATH_SEARCH_PATHS = "$(inherited) @executable_path/Frameworks @loader_path/Frameworks";
				PRODUCT_BUNDLE_IDENTIFIER = com.genchin.MusicTestTests;
				PRODUCT_NAME = "$(TARGET_NAME)";
				TEST_HOST = "$(BUILT_PRODUCTS_DIR)/MusicTest.app/MusicTest";
			};
			name = Release;
		};
		90B67E941D4C9A9E0024CF35 /* Debug */ = {
			isa = XCBuildConfiguration;
			buildSettings = {
				INFOPLIST_FILE = MusicTestUITests/Info.plist;
				LD_RUNPATH_SEARCH_PATHS = "$(inherited) @executable_path/Frameworks @loader_path/Frameworks";
				PRODUCT_BUNDLE_IDENTIFIER = com.genchin.MusicTestUITests;
				PRODUCT_NAME = "$(TARGET_NAME)";
				TEST_TARGET_NAME = MusicTest;
			};
			name = Debug;
		};
		90B67E951D4C9A9E0024CF35 /* Release */ = {
			isa = XCBuildConfiguration;
			buildSettings = {
				INFOPLIST_FILE = MusicTestUITests/Info.plist;
				LD_RUNPATH_SEARCH_PATHS = "$(inherited) @executable_path/Frameworks @loader_path/Frameworks";
				PRODUCT_BUNDLE_IDENTIFIER = com.genchin.MusicTestUITests;
				PRODUCT_NAME = "$(TARGET_NAME)";
				TEST_TARGET_NAME = MusicTest;
			};
			name = Release;
		};
/* End XCBuildConfiguration section */

/* Begin XCConfigurationList section */
		90B67E601D4C9A9E0024CF35 /* Build configuration list for PBXProject "MusicTest" */ = {
			isa = XCConfigurationList;
			buildConfigurations = (
				90B67E8B1D4C9A9E0024CF35 /* Debug */,
				90B67E8C1D4C9A9E0024CF35 /* Release */,
			);
			defaultConfigurationIsVisible = 0;
			defaultConfigurationName = Release;
		};
		90B67E8D1D4C9A9E0024CF35 /* Build configuration list for PBXNativeTarget "MusicTest" */ = {
			isa = XCConfigurationList;
			buildConfigurations = (
				90B67E8E1D4C9A9E0024CF35 /* Debug */,
				90B67E8F1D4C9A9E0024CF35 /* Release */,
			);
			defaultConfigurationIsVisible = 0;
			defaultConfigurationName = Release;
		};
		90B67E901D4C9A9E0024CF35 /* Build configuration list for PBXNativeTarget "MusicTestTests" */ = {
			isa = XCConfigurationList;
			buildConfigurations = (
				90B67E911D4C9A9E0024CF35 /* Debug */,
				90B67E921D4C9A9E0024CF35 /* Release */,
			);
			defaultConfigurationIsVisible = 0;
			defaultConfigurationName = Release;
		};
		90B67E931D4C9A9E0024CF35 /* Build configuration list for PBXNativeTarget "MusicTestUITests" */ = {
			isa = XCConfigurationList;
			buildConfigurations = (
				90B67E941D4C9A9E0024CF35 /* Debug */,
				90B67E951D4C9A9E0024CF35 /* Release */,
			);
			defaultConfigurationIsVisible = 0;
			defaultConfigurationName = Release;
		};
/* End XCConfigurationList section */
	};
	rootObject = 90B67E5D1D4C9A9E0024CF35 /* Project object */;
}
